
Microsoft Visual Studio Solution File, Format Version 12.00
Project("{FAE04EC0-301F-11D3-BF4B-00C04F79EFBC}") = "Granite", "Granite\Granite.csproj", "{FD95E2B2-2A6A-43B2-8DDD-AC2C8D464FD5}"
EndProject
Project("{FAE04EC0-301F-11D3-BF4B-00C04F79EFBC}") = "Granite.Tests", "Granite.Tests\Granite.Tests.csproj", "{48748863-271C-45E5-AE61-CED65253DFD5}"
EndProject
Global
	GlobalSection(SolutionConfigurationPlatforms) = preSolution
		Debug|Any CPU = Debug|Any CPU
		Release|Any CPU = Release|Any CPU
	EndGlobalSection
	GlobalSection(ProjectConfigurationPlatforms) = postSolution
		{FD95E2B2-2A6A-43B2-8DDD-AC2C8D464FD5}.Debug|Any CPU.ActiveCfg = Debug|Any CPU
		{FD95E2B2-2A6A-43B2-8DDD-AC2C8D464FD5}.Debug|Any CPU.Build.0 = Debug|Any CPU
		{FD95E2B2-2A6A-43B2-8DDD-AC2C8D464FD5}.Release|Any CPU.ActiveCfg = Release|Any CPU
		{FD95E2B2-2A6A-43B2-8DDD-AC2C8D464FD5}.Release|Any CPU.Build.0 = Release|Any CPU
		{48748863-271C-45E5-AE61-CED65253DFD5}.Debug|Any CPU.ActiveCfg = Debug|Any CPU
		{48748863-271C-45E5-AE61-CED65253DFD5}.Debug|Any CPU.Build.0 = Debug|Any CPU
		{48748863-271C-45E5-AE61-CED65253DFD5}.Release|Any CPU.ActiveCfg = Release|Any CPU
		{48748863-271C-45E5-AE61-CED65253DFD5}.Release|Any CPU.Build.0 = Release|Any CPU
	EndGlobalSection
EndGlobal
